
Microsoft Visual Studio Solution File, Format Version 12.00
# Visual Studio Version 17
VisualStudioVersion = 17.6.33723.286
MinimumVisualStudioVersion = 10.0.40219.1
Project("{FAE04EC0-301F-11D3-BF4B-00C04F79EFBC}") = "RealTouchGUI", "RealTouchGUI.csproj", "{A6AAF18C-364B-404A-8CDA-55C7A143F4B5}"
EndProject
Global
	GlobalSection(SolutionConfigurationPlatforms) = preSolution
		Debug|Any CPU = Debug|Any CPU
		Release|Any CPU = Release|Any CPU
	EndGlobalSection
	GlobalSection(ProjectConfigurationPlatforms) = postSolution
		{A6AAF18C-364B-404A-8CDA-55C7A143F4B5}.Debug|Any CPU.ActiveCfg = Debug|Any CPU
		{A6AAF18C-364B-404A-8CDA-55C7A143F4B5}.Debug|Any CPU.Build.0 = Debug|Any CPU
		{A6AAF18C-364B-404A-8CDA-55C7A143F4B5}.Release|Any CPU.ActiveCfg = Release|Any CPU
		{A6AAF18C-364B-404A-8CDA-55C7A143F4B5}.Release|Any CPU.Build.0 = Release|Any CPU
	EndGlobalSection
	GlobalSection(SolutionProperties) = preSolution
		HideSolutionNode = FALSE
	EndGlobalSection
	GlobalSection(ExtensibilityGlobals) = postSolution
		SolutionGuid = {1C3D29C2-BDCB-45EB-A68E-3013B0A48CEF}
	EndGlobalSection
EndGlobal
